
Microsoft Visual Studio Solution File, Format Version 12.00
# Visual Studio Version 16
VisualStudioVersion = 16.0.33027.164
MinimumVisualStudioVersion = 10.0.40219.1
Project("{FAE04EC0-301F-11D3-BF4B-00C04F79EFBC}") = "Sudoku", "Sudoku\Sudoku.csproj", "{F39CD34C-32EC-40F7-8F82-6FAFC8B01391}"
EndProject
Global
	GlobalSection(SolutionConfigurationPlatforms) = preSolution
		Debug|Any CPU = Debug|Any CPU
		Release|Any CPU = Release|Any CPU
	EndGlobalSection
	GlobalSection(ProjectConfigurationPlatforms) = postSolution
		{F39CD34C-32EC-40F7-8F82-6FAFC8B01391}.Debug|Any CPU.ActiveCfg = Debug|Any CPU
		{F39CD34C-32EC-40F7-8F82-6FAFC8B01391}.Debug|Any CPU.Build.0 = Debug|Any CPU
		{F39CD34C-32EC-40F7-8F82-6FAFC8B01391}.Release|Any CPU.ActiveCfg = Release|Any CPU
		{F39CD34C-32EC-40F7-8F82-6FAFC8B01391}.Release|Any CPU.Build.0 = Release|Any CPU
	EndGlobalSection
	GlobalSection(SolutionProperties) = preSolution
		HideSolutionNode = FALSE
	EndGlobalSection
	GlobalSection(ExtensibilityGlobals) = postSolution
		SolutionGuid = {57AB6E13-1589-4273-BF84-9AAFC2F74D86}
	EndGlobalSection
EndGlobal
